// !$*UTF8*$!
{
	archiveVersion = 1;
	classes = {
	};
	objectVersion = 70;
	objects = {

/* Begin PBXBuildFile section */
		00071BEF161E4B7AA171AF6E /* KeychainManager.swift in Sources */ = {isa = PBXBuildFile; fileRef = 23FE2ABE2BF9456DB3135D32 /* KeychainManager.swift */; };
		49313106CD2C3B5C8EC677D4 /* Foundation.framework in Frameworks */ = {isa = PBXBuildFile; fileRef = 14689FE138AFF5111BBB34FD /* Foundation.framework */; };
		53CC311D6CCFC86BDDA64F3F /* LoyaltyView.swift in Sources */ = {isa = PBXBuildFile; fileRef = ECCBFF0809F3879DFB4A7313 /* LoyaltyView.swift */; };
		B45599812DFA4AEA000CA82C /* LoyaltyAppApp.swift in Sources */ = {isa = PBXBuildFile; fileRef = B455997F2DFA4AEA000CA82C /* LoyaltyAppApp.swift */; };
		B45599822DFA4AEA000CA82C /* ContentView.swift in Sources */ = {isa = PBXBuildFile; fileRef = B455997D2DFA4AEA000CA82C /* ContentView.swift */; };
		B4D20D9F2DFA5F1000937E7D /* KeychainAccess in Frameworks */ = {isa = PBXBuildFile; productRef = B4D20D9E2DFA5F1000937E7D /* KeychainAccess */; };
		B4D20DA32DFB25E300937E7D /* GoodtillAPI.swift in Sources */ = {isa = PBXBuildFile; fileRef = B4D20DA22DFB25E300937E7D /* GoodtillAPI.swift */; };
		B4EB32922DFB44D800489171 /* NetworkClient.swift in Sources */ = {isa = PBXBuildFile; fileRef = B4EB328F2DFB44D800489171 /* NetworkClient.swift */; };
		B4EB32932DFB44D800489171 /* TokenRefresher.swift in Sources */ = {isa = PBXBuildFile; fileRef = B4EB32902DFB44D800489171 /* TokenRefresher.swift */; };
		B4EB32952DFB4ABD00489171 /* MockGoodtillAPI.swift in Sources */ = {isa = PBXBuildFile; fileRef = B4EB32942DFB4ABD00489171 /* MockGoodtillAPI.swift */; };
		FB170220376BFF3546D3B774 /* LoginView.swift in Sources */ = {isa = PBXBuildFile; fileRef = 090341AF322EAE32CCDE8726 /* LoginView.swift */; };
/* End PBXBuildFile section */

/* Begin PBXContainerItemProxy section */
		B4EB329E2DFB4D6200489171 /* PBXContainerItemProxy */ = {
			isa = PBXContainerItemProxy;
			containerPortal = FABDEE304CAF3C0769F107BB /* Project object */;
			proxyType = 1;
			remoteGlobalIDString = F61C560162FBB176DC1A0813;
			remoteInfo = LoyaltyApp;
		};
/* End PBXContainerItemProxy section */

/* Begin PBXFileReference section */
		090341AF322EAE32CCDE8726 /* LoginView.swift */ = {isa = PBXFileReference; lastKnownFileType = sourcecode.swift; name = LoginView.swift; path = LoyaltyApp/LoginView.swift; sourceTree = "<group>"; };
		14689FE138AFF5111BBB34FD /* Foundation.framework */ = {isa = PBXFileReference; lastKnownFileType = wrapper.framework; name = Foundation.framework; path = Platforms/iPhoneOS.platform/Developer/SDKs/iPhoneOS18.0.sdk/System/Library/Frameworks/Foundation.framework; sourceTree = DEVELOPER_DIR; };
		23FE2ABE2BF9456DB3135D32 /* KeychainManager.swift */ = {isa = PBXFileReference; lastKnownFileType = sourcecode.swift; name = KeychainManager.swift; path = LoyaltyApp/KeychainManager.swift; sourceTree = "<group>"; };
		459AC8F993460F7EA5C52E88 /* LoyaltyApp.app */ = {isa = PBXFileReference; explicitFileType = wrapper.application; includeInIndex = 0; path = LoyaltyApp.app; sourceTree = BUILT_PRODUCTS_DIR; };
		B45599782DFA47AF000CA82C /* Loyalty App-Bridging-Header.h */ = {isa = PBXFileReference; lastKnownFileType = sourcecode.c.h; path = "Loyalty App-Bridging-Header.h"; sourceTree = "<group>"; };
		B455997D2DFA4AEA000CA82C /* ContentView.swift */ = {isa = PBXFileReference; lastKnownFileType = sourcecode.swift; name = ContentView.swift; path = LoyaltyApp/ContentView.swift; sourceTree = "<group>"; };
		B455997E2DFA4AEA000CA82C /* Info.plist */ = {isa = PBXFileReference; lastKnownFileType = text.plist.xml; name = Info.plist; path = LoyaltyApp/Info.plist; sourceTree = "<group>"; };
		B455997F2DFA4AEA000CA82C /* LoyaltyAppApp.swift */ = {isa = PBXFileReference; lastKnownFileType = sourcecode.swift; name = LoyaltyAppApp.swift; path = LoyaltyApp/LoyaltyAppApp.swift; sourceTree = "<group>"; };
		B4D20DA22DFB25E300937E7D /* GoodtillAPI.swift */ = {isa = PBXFileReference; lastKnownFileType = sourcecode.swift; name = GoodtillAPI.swift; path = LoyaltyApp/GoodtillAPI.swift; sourceTree = "<group>"; };
		B4EB328F2DFB44D800489171 /* NetworkClient.swift */ = {isa = PBXFileReference; lastKnownFileType = sourcecode.swift; path = NetworkClient.swift; sourceTree = "<group>"; };
		B4EB32902DFB44D800489171 /* TokenRefresher.swift */ = {isa = PBXFileReference; lastKnownFileType = sourcecode.swift; path = TokenRefresher.swift; sourceTree = "<group>"; };
		B4EB32942DFB4ABD00489171 /* MockGoodtillAPI.swift */ = {isa = PBXFileReference; lastKnownFileType = sourcecode.swift; name = MockGoodtillAPI.swift; path = LoyaltyApp/MockGoodtillAPI.swift; sourceTree = "<group>"; };
		B4EB329A2DFB4D6200489171 /* LoyaltyAppTests.xctest */ = {isa = PBXFileReference; explicitFileType = wrapper.cfbundle; includeInIndex = 0; path = LoyaltyAppTests.xctest; sourceTree = BUILT_PRODUCTS_DIR; };
		ECCBFF0809F3879DFB4A7313 /* LoyaltyView.swift */ = {isa = PBXFileReference; lastKnownFileType = sourcecode.swift; name = LoyaltyView.swift; path = LoyaltyApp/LoyaltyView.swift; sourceTree = "<group>"; };
/* End PBXFileReference section */

/* Begin PBXFileSystemSynchronizedRootGroup section */
		B4EB329B2DFB4D6200489171 /* LoyaltyAppTests */ = {isa = PBXFileSystemSynchronizedRootGroup; explicitFileTypes = {}; explicitFolders = (); path = LoyaltyAppTests; sourceTree = "<group>"; };
/* End PBXFileSystemSynchronizedRootGroup section */

/* Begin PBXFrameworksBuildPhase section */
		4128378262E52499B1557051 /* Frameworks */ = {
			isa = PBXFrameworksBuildPhase;
			buildActionMask = 2147483647;
			files = (
				B4D20D9F2DFA5F1000937E7D /* KeychainAccess in Frameworks */,
				49313106CD2C3B5C8EC677D4 /* Foundation.framework in Frameworks */,
			);
			runOnlyForDeploymentPostprocessing = 0;
		};
		B4EB32972DFB4D6200489171 /* Frameworks */ = {
			isa = PBXFrameworksBuildPhase;
			buildActionMask = 2147483647;
			files = (
			);
			runOnlyForDeploymentPostprocessing = 0;
		};
/* End PBXFrameworksBuildPhase section */

/* Begin PBXGroup section */
		3F2C08D0ACC7B890F3D8AD58 /* iOS */ = {
			isa = PBXGroup;
			children = (
			);
			name = iOS;
			sourceTree = "<group>";
		};
		8320322A42405907EA2E626A /* Frameworks */ = {
			isa = PBXGroup;
			children = (
				3F2C08D0ACC7B890F3D8AD58 /* iOS */,
			);
			name = Frameworks;
			sourceTree = "<group>";
		};
		95001A5F4C9FFE29E72FB796 = {
			isa = PBXGroup;
			children = (
				B4EB32942DFB4ABD00489171 /* MockGoodtillAPI.swift */,
				B4D20DA22DFB25E300937E7D /* GoodtillAPI.swift */,
				14689FE138AFF5111BBB34FD /* Foundation.framework */,
				B455997D2DFA4AEA000CA82C /* ContentView.swift */,
				B455997E2DFA4AEA000CA82C /* Info.plist */,
				B455997F2DFA4AEA000CA82C /* LoyaltyAppApp.swift */,
				23FE2ABE2BF9456DB3135D32 /* KeychainManager.swift */,
				090341AF322EAE32CCDE8726 /* LoginView.swift */,
				ECCBFF0809F3879DFB4A7313 /* LoyaltyView.swift */,
				B4EB32912DFB44D800489171 /* Networking */,
				B4EB329B2DFB4D6200489171 /* LoyaltyAppTests */,
				CF69855BD04EDCCF1268DDF7 /* Products */,
				8320322A42405907EA2E626A /* Frameworks */,
				E7D7731D67C63B92B2139F8F /* LoyaltyApp */,
				B45599782DFA47AF000CA82C /* Loyalty App-Bridging-Header.h */,
			);
			sourceTree = "<group>";
		};
		B4EB32912DFB44D800489171 /* Networking */ = {
			isa = PBXGroup;
			children = (
				B4EB328F2DFB44D800489171 /* NetworkClient.swift */,
				B4EB32902DFB44D800489171 /* TokenRefresher.swift */,
			);
			name = Networking;
			path = LoyaltyApp/Networking;
			sourceTree = "<group>";
		};
		CF69855BD04EDCCF1268DDF7 /* Products */ = {
			isa = PBXGroup;
			children = (
				459AC8F993460F7EA5C52E88 /* LoyaltyApp.app */,
				B4EB329A2DFB4D6200489171 /* LoyaltyAppTests.xctest */,
			);
			name = Products;
			sourceTree = "<group>";
		};
		E7D7731D67C63B92B2139F8F /* LoyaltyApp */ = {
			isa = PBXGroup;
			children = (
			);
			path = LoyaltyApp;
			sourceTree = "<group>";
		};
/* End PBXGroup section */

/* Begin PBXNativeTarget section */
		B4EB32992DFB4D6200489171 /* LoyaltyAppTests */ = {
			isa = PBXNativeTarget;
			buildConfigurationList = B4EB32A02DFB4D6200489171 /* Build configuration list for PBXNativeTarget "LoyaltyAppTests" */;
			buildPhases = (
				B4EB32962DFB4D6200489171 /* Sources */,
				B4EB32972DFB4D6200489171 /* Frameworks */,
				B4EB32982DFB4D6200489171 /* Resources */,
			);
			buildRules = (
			);
			dependencies = (
				B4EB329F2DFB4D6200489171 /* PBXTargetDependency */,
			);
			fileSystemSynchronizedGroups = (
				B4EB329B2DFB4D6200489171 /* LoyaltyAppTests */,
			);
			name = LoyaltyAppTests;
			packageProductDependencies = (
			);
			productName = LoyaltyAppTests;
			productReference = B4EB329A2DFB4D6200489171 /* LoyaltyAppTests.xctest */;
			productType = "com.apple.product-type.bundle.unit-test";
		};
		F61C560162FBB176DC1A0813 /* LoyaltyApp */ = {
			isa = PBXNativeTarget;
			buildConfigurationList = A4D55A4509333615F855EF44 /* Build configuration list for PBXNativeTarget "LoyaltyApp" */;
			buildPhases = (
				E527395C12C592CEFB1C3467 /* Sources */,
				4128378262E52499B1557051 /* Frameworks */,
				043962B1A15B069A612E2660 /* Resources */,
			);
			buildRules = (
			);
			dependencies = (
			);
			name = LoyaltyApp;
			productName = "Loyalty App";
			productReference = 459AC8F993460F7EA5C52E88 /* LoyaltyApp.app */;
			productType = "com.apple.product-type.application";
		};
/* End PBXNativeTarget section */

/* Begin PBXProject section */
		FABDEE304CAF3C0769F107BB /* Project object */ = {
			isa = PBXProject;
			attributes = {
				BuildIndependentTargetsInParallel = YES;
				LastSwiftUpdateCheck = 1640;
				LastUpgradeCheck = 1640;
				TargetAttributes = {
					B4EB32992DFB4D6200489171 = {
						CreatedOnToolsVersion = 16.4;
						TestTargetID = F61C560162FBB176DC1A0813;
					};
					F61C560162FBB176DC1A0813 = {
						LastSwiftMigration = 1640;
					};
				};
			};
			buildConfigurationList = 19C5D18B7B32A5865C7D99DA /* Build configuration list for PBXProject "LoyaltyApp" */;
			compatibilityVersion = "Xcode 3.2";
			developmentRegion = en;
			hasScannedForEncodings = 0;
			knownRegions = (
				en,
				Base,
			);
			mainGroup = 95001A5F4C9FFE29E72FB796;
			packageReferences = (
				B4D20D9D2DFA5F1000937E7D /* XCRemoteSwiftPackageReference "KeychainAccess" */,
			);
			productRefGroup = CF69855BD04EDCCF1268DDF7 /* Products */;
			projectDirPath = "";
			projectRoot = "";
			targets = (
				F61C560162FBB176DC1A0813 /* LoyaltyApp */,
				B4EB32992DFB4D6200489171 /* LoyaltyAppTests */,
			);
		};
/* End PBXProject section */

/* Begin PBXResourcesBuildPhase section */
		043962B1A15B069A612E2660 /* Resources */ = {
			isa = PBXResourcesBuildPhase;
			buildActionMask = 2147483647;
			files = (
			);
			runOnlyForDeploymentPostprocessing = 0;
		};
		B4EB32982DFB4D6200489171 /* Resources */ = {
			isa = PBXResourcesBuildPhase;
			buildActionMask = 2147483647;
			files = (
			);
			runOnlyForDeploymentPostprocessing = 0;
		};
/* End PBXResourcesBuildPhase section */

/* Begin PBXSourcesBuildPhase section */
		B4EB32962DFB4D6200489171 /* Sources */ = {
			isa = PBXSourcesBuildPhase;
			buildActionMask = 2147483647;
			files = (
			);
			runOnlyForDeploymentPostprocessing = 0;
		};
		E527395C12C592CEFB1C3467 /* Sources */ = {
			isa = PBXSourcesBuildPhase;
			buildActionMask = 2147483647;
			files = (
				B45599812DFA4AEA000CA82C /* LoyaltyAppApp.swift in Sources */,
				B45599822DFA4AEA000CA82C /* ContentView.swift in Sources */,
				00071BEF161E4B7AA171AF6E /* KeychainManager.swift in Sources */,
				FB170220376BFF3546D3B774 /* LoginView.swift in Sources */,
				B4D20DA32DFB25E300937E7D /* GoodtillAPI.swift in Sources */,
				53CC311D6CCFC86BDDA64F3F /* LoyaltyView.swift in Sources */,
				B4EB32922DFB44D800489171 /* NetworkClient.swift in Sources */,
				B4EB32952DFB4ABD00489171 /* MockGoodtillAPI.swift in Sources */,
				B4EB32932DFB44D800489171 /* TokenRefresher.swift in Sources */,
			);
			runOnlyForDeploymentPostprocessing = 0;
		};
/* End PBXSourcesBuildPhase section */

/* Begin PBXTargetDependency section */
		B4EB329F2DFB4D6200489171 /* PBXTargetDependency */ = {
			isa = PBXTargetDependency;
			target = F61C560162FBB176DC1A0813 /* LoyaltyApp */;
			targetProxy = B4EB329E2DFB4D6200489171 /* PBXContainerItemProxy */;
		};
/* End PBXTargetDependency section */

/* Begin XCBuildConfiguration section */
		5B7D12DCF5A39769F0600558 /* Release */ = {
			isa = XCBuildConfiguration;
			buildSettings = {
				ALWAYS_SEARCH_USER_PATHS = NO;
				CLANG_ANALYZER_NONNULL = YES;
				CLANG_ANALYZER_NUMBER_OBJECT_CONVERSION = YES_AGGRESSIVE;
				CLANG_CXX_LANGUAGE_STANDARD = "gnu++14";
				CLANG_CXX_LIBRARY = "libc++";
				CLANG_ENABLE_MODULES = YES;
				CLANG_ENABLE_OBJC_ARC = YES;
				CLANG_ENABLE_OBJC_WEAK = YES;
				CLANG_WARN_BLOCK_CAPTURE_AUTORELEASING = YES;
				CLANG_WARN_BOOL_CONVERSION = YES;
				CLANG_WARN_COMMA = YES;
				CLANG_WARN_CONSTANT_CONVERSION = YES;
				CLANG_WARN_DEPRECATED_OBJC_IMPLEMENTATIONS = YES;
				CLANG_WARN_DIRECT_OBJC_ISA_USAGE = YES_ERROR;
				CLANG_WARN_DOCUMENTATION_COMMENTS = YES;
				CLANG_WARN_EMPTY_BODY = YES;
				CLANG_WARN_ENUM_CONVERSION = YES;
				CLANG_WARN_INFINITE_RECURSION = YES;
				CLANG_WARN_INT_CONVERSION = YES;
				CLANG_WARN_NON_LITERAL_NULL_CONVERSION = YES;
				CLANG_WARN_OBJC_IMPLICIT_RETAIN_SELF = YES;
				CLANG_WARN_OBJC_LITERAL_CONVERSION = YES;
				CLANG_WARN_OBJC_ROOT_CLASS = YES_ERROR;
				CLANG_WARN_QUOTED_INCLUDE_IN_FRAMEWORK_HEADER = YES;
				CLANG_WARN_RANGE_LOOP_ANALYSIS = YES;
				CLANG_WARN_STRICT_PROTOTYPES = YES;
				CLANG_WARN_SUSPICIOUS_MOVE = YES;
				CLANG_WARN_UNGUARDED_AVAILABILITY = YES_AGGRESSIVE;
				CLANG_WARN_UNREACHABLE_CODE = YES;
				CLANG_WARN__DUPLICATE_METHOD_MATCH = YES;
				COPY_PHASE_STRIP = NO;
				DEAD_CODE_STRIPPING = YES;
				DEBUG_INFORMATION_FORMAT = "dwarf-with-dsym";
				ENABLE_NS_ASSERTIONS = NO;
				ENABLE_STRICT_OBJC_MSGSEND = YES;
				ENABLE_USER_SCRIPT_SANDBOXING = YES;
				GCC_C_LANGUAGE_STANDARD = gnu11;
				GCC_NO_COMMON_BLOCKS = YES;
				GCC_WARN_64_TO_32_BIT_CONVERSION = YES;
				GCC_WARN_ABOUT_RETURN_TYPE = YES_ERROR;
				GCC_WARN_UNDECLARED_SELECTOR = YES;
				GCC_WARN_UNINITIALIZED_AUTOS = YES_AGGRESSIVE;
				GCC_WARN_UNUSED_FUNCTION = YES;
				GCC_WARN_UNUSED_VARIABLE = YES;
				MTL_ENABLE_DEBUG_INFO = NO;
				MTL_FAST_MATH = YES;
				PRODUCT_NAME = "$(TARGET_NAME)";
				SWIFT_COMPILATION_MODE = wholemodule;
				SWIFT_OPTIMIZATION_LEVEL = "-O";
				SWIFT_VERSION = 5.0;
			};
			name = Release;
		};
		62174A77887CF1AEFD96AB48 /* Release */ = {
			isa = XCBuildConfiguration;
			buildSettings = {
				ASSETCATALOG_COMPILER_APPICON_NAME = AppIcon;
				ASSETCATALOG_COMPILER_GLOBAL_ACCENT_COLOR_NAME = AccentColor;
				CLANG_ENABLE_MODULES = YES;
				CLANG_ENABLE_OBJC_WEAK = NO;
				INFOPLIST_FILE = LoyaltyApp/Info.plist;
				IPHONEOS_DEPLOYMENT_TARGET = 18.0;
				LD_RUNPATH_SEARCH_PATHS = (
					"$(inherited)",
					"@executable_path/Frameworks",
				);
				PRODUCT_BUNDLE_IDENTIFIER = com.example.loyaltyapp;
				SDKROOT = iphoneos;
				SWIFT_OBJC_BRIDGING_HEADER = "Loyalty App-Bridging-Header.h";
				SWIFT_VERSION = 5.9;
				TARGETED_DEVICE_FAMILY = "1,2";
				VALIDATE_PRODUCT = YES;
			};
			name = Release;
		};
		B4EB32A12DFB4D6200489171 /* Debug */ = {
			isa = XCBuildConfiguration;
			buildSettings = {
				ASSETCATALOG_COMPILER_GENERATE_SWIFT_ASSET_SYMBOL_EXTENSIONS = YES;
				BUNDLE_LOADER = "$(TEST_HOST)";
				CLANG_CXX_LANGUAGE_STANDARD = "gnu++20";
				CODE_SIGN_STYLE = Automatic;
				CURRENT_PROJECT_VERSION = 1;
				GCC_C_LANGUAGE_STANDARD = gnu17;
				GENERATE_INFOPLIST_FILE = YES;
				IPHONEOS_DEPLOYMENT_TARGET = 18.5;
				LOCALIZATION_PREFERS_STRING_CATALOGS = YES;
				MARKETING_VERSION = 1.0;
				PRODUCT_BUNDLE_IDENTIFIER = Willows.LoyaltyAppTests;
				PRODUCT_NAME = "$(TARGET_NAME)";
				SDKROOT = iphoneos;
				SWIFT_ACTIVE_COMPILATION_CONDITIONS = "DEBUG $(inherited)";
				SWIFT_EMIT_LOC_STRINGS = NO;
				SWIFT_VERSION = 5.0;
				TARGETED_DEVICE_FAMILY = "1,2";
				TEST_HOST = "$(BUILT_PRODUCTS_DIR)/LoyaltyApp.app/$(BUNDLE_EXECUTABLE_FOLDER_PATH)/LoyaltyApp";
			};
			name = Debug;
		};
		B4EB32A22DFB4D6200489171 /* Release */ = {
			isa = XCBuildConfiguration;
			buildSettings = {
				ASSETCATALOG_COMPILER_GENERATE_SWIFT_ASSET_SYMBOL_EXTENSIONS = YES;
				BUNDLE_LOADER = "$(TEST_HOST)";
				CLANG_CXX_LANGUAGE_STANDARD = "gnu++20";
				CODE_SIGN_STYLE = Automatic;
				CURRENT_PROJECT_VERSION = 1;
				GCC_C_LANGUAGE_STANDARD = gnu17;
				GENERATE_INFOPLIST_FILE = YES;
				IPHONEOS_DEPLOYMENT_TARGET = 18.5;
				LOCALIZATION_PREFERS_STRING_CATALOGS = YES;
				MARKETING_VERSION = 1.0;
				PRODUCT_BUNDLE_IDENTIFIER = Willows.LoyaltyAppTests;
				PRODUCT_NAME = "$(TARGET_NAME)";
				SDKROOT = iphoneos;
				SWIFT_EMIT_LOC_STRINGS = NO;
				SWIFT_VERSION = 5.0;
				TARGETED_DEVICE_FAMILY = "1,2";
				TEST_HOST = "$(BUILT_PRODUCTS_DIR)/LoyaltyApp.app/$(BUNDLE_EXECUTABLE_FOLDER_PATH)/LoyaltyApp";
				VALIDATE_PRODUCT = YES;
			};
			name = Release;
		};
		DABF89BD1C66D11C82303437 /* Debug */ = {
			isa = XCBuildConfiguration;
			buildSettings = {
				ALWAYS_SEARCH_USER_PATHS = NO;
				CLANG_ANALYZER_NONNULL = YES;
				CLANG_ANALYZER_NUMBER_OBJECT_CONVERSION = YES_AGGRESSIVE;
				CLANG_CXX_LANGUAGE_STANDARD = "gnu++14";
				CLANG_CXX_LIBRARY = "libc++";
				CLANG_ENABLE_MODULES = YES;
				CLANG_ENABLE_OBJC_ARC = YES;
				CLANG_ENABLE_OBJC_WEAK = YES;
				CLANG_WARN_BLOCK_CAPTURE_AUTORELEASING = YES;
				CLANG_WARN_BOOL_CONVERSION = YES;
				CLANG_WARN_COMMA = YES;
				CLANG_WARN_CONSTANT_CONVERSION = YES;
				CLANG_WARN_DEPRECATED_OBJC_IMPLEMENTATIONS = YES;
				CLANG_WARN_DIRECT_OBJC_ISA_USAGE = YES_ERROR;
				CLANG_WARN_DOCUMENTATION_COMMENTS = YES;
				CLANG_WARN_EMPTY_BODY = YES;
				CLANG_WARN_ENUM_CONVERSION = YES;
				CLANG_WARN_INFINITE_RECURSION = YES;
				CLANG_WARN_INT_CONVERSION = YES;
				CLANG_WARN_NON_LITERAL_NULL_CONVERSION = YES;
				CLANG_WARN_OBJC_IMPLICIT_RETAIN_SELF = YES;
				CLANG_WARN_OBJC_LITERAL_CONVERSION = YES;
				CLANG_WARN_OBJC_ROOT_CLASS = YES_ERROR;
				CLANG_WARN_QUOTED_INCLUDE_IN_FRAMEWORK_HEADER = YES;
				CLANG_WARN_RANGE_LOOP_ANALYSIS = YES;
				CLANG_WARN_STRICT_PROTOTYPES = YES;
				CLANG_WARN_SUSPICIOUS_MOVE = YES;
				CLANG_WARN_UNGUARDED_AVAILABILITY = YES_AGGRESSIVE;
				CLANG_WARN_UNREACHABLE_CODE = YES;
				CLANG_WARN__DUPLICATE_METHOD_MATCH = YES;
				COPY_PHASE_STRIP = NO;
				DEAD_CODE_STRIPPING = YES;
				DEBUG_INFORMATION_FORMAT = dwarf;
				ENABLE_STRICT_OBJC_MSGSEND = YES;
				ENABLE_TESTABILITY = YES;
				ENABLE_USER_SCRIPT_SANDBOXING = YES;
				GCC_C_LANGUAGE_STANDARD = gnu11;
				GCC_DYNAMIC_NO_PIC = NO;
				GCC_NO_COMMON_BLOCKS = YES;
				GCC_OPTIMIZATION_LEVEL = 0;
				GCC_PREPROCESSOR_DEFINITIONS = (
					"DEBUG=1",
					"$(inherited)",
				);
				GCC_WARN_64_TO_32_BIT_CONVERSION = YES;
				GCC_WARN_ABOUT_RETURN_TYPE = YES_ERROR;
				GCC_WARN_UNDECLARED_SELECTOR = YES;
				GCC_WARN_UNINITIALIZED_AUTOS = YES_AGGRESSIVE;
				GCC_WARN_UNUSED_FUNCTION = YES;
				GCC_WARN_UNUSED_VARIABLE = YES;
				MTL_ENABLE_DEBUG_INFO = INCLUDE_SOURCE;
				MTL_FAST_MATH = YES;
				ONLY_ACTIVE_ARCH = YES;
				PRODUCT_NAME = "$(TARGET_NAME)";
				SWIFT_ACTIVE_COMPILATION_CONDITIONS = DEBUG;
				SWIFT_OPTIMIZATION_LEVEL = "-Onone";
				SWIFT_VERSION = 5.0;
			};
			name = Debug;
		};
		EF2C085F1EE4B289DAC32A21 /* Debug */ = {
			isa = XCBuildConfiguration;
			buildSettings = {
				ASSETCATALOG_COMPILER_APPICON_NAME = AppIcon;
				ASSETCATALOG_COMPILER_GLOBAL_ACCENT_COLOR_NAME = AccentColor;
				CLANG_ENABLE_MODULES = YES;
				CLANG_ENABLE_OBJC_WEAK = NO;
				INFOPLIST_FILE = LoyaltyApp/Info.plist;
				IPHONEOS_DEPLOYMENT_TARGET = 18.0;
				LD_RUNPATH_SEARCH_PATHS = (
					"$(inherited)",
					"@executable_path/Frameworks",
				);
				PRODUCT_BUNDLE_IDENTIFIER = com.example.loyaltyapp;
				SDKROOT = iphoneos;
				SWIFT_OBJC_BRIDGING_HEADER = "Loyalty App-Bridging-Header.h";
				SWIFT_OPTIMIZATION_LEVEL = "-Onone";
				SWIFT_VERSION = 5.9;
				TARGETED_DEVICE_FAMILY = "1,2";
			};
			name = Debug;
		};
/* End XCBuildConfiguration section */

/* Begin XCConfigurationList section */
		19C5D18B7B32A5865C7D99DA /* Build configuration list for PBXProject "LoyaltyApp" */ = {
			isa = XCConfigurationList;
			buildConfigurations = (
				DABF89BD1C66D11C82303437 /* Debug */,
				5B7D12DCF5A39769F0600558 /* Release */,
			);
			defaultConfigurationIsVisible = 0;
			defaultConfigurationName = Release;
		};
		A4D55A4509333615F855EF44 /* Build configuration list for PBXNativeTarget "LoyaltyApp" */ = {
			isa = XCConfigurationList;
			buildConfigurations = (
				62174A77887CF1AEFD96AB48 /* Release */,
				EF2C085F1EE4B289DAC32A21 /* Debug */,
			);
			defaultConfigurationIsVisible = 0;
			defaultConfigurationName = Release;
		};
		B4EB32A02DFB4D6200489171 /* Build configuration list for PBXNativeTarget "LoyaltyAppTests" */ = {
			isa = XCConfigurationList;
			buildConfigurations = (
				B4EB32A12DFB4D6200489171 /* Debug */,
				B4EB32A22DFB4D6200489171 /* Release */,
			);
			defaultConfigurationIsVisible = 0;
			defaultConfigurationName = Release;
		};
/* End XCConfigurationList section */

/* Begin XCRemoteSwiftPackageReference section */
		B4D20D9D2DFA5F1000937E7D /* XCRemoteSwiftPackageReference "KeychainAccess" */ = {
			isa = XCRemoteSwiftPackageReference;
			repositoryURL = "https://github.com/kishikawakatsumi/KeychainAccess.git";
			requirement = {
				kind = upToNextMajorVersion;
				minimumVersion = 4.2.2;
			};
		};
/* End XCRemoteSwiftPackageReference section */

/* Begin XCSwiftPackageProductDependency section */
		B4D20D9E2DFA5F1000937E7D /* KeychainAccess */ = {
			isa = XCSwiftPackageProductDependency;
			package = B4D20D9D2DFA5F1000937E7D /* XCRemoteSwiftPackageReference "KeychainAccess" */;
			productName = KeychainAccess;
		};
/* End XCSwiftPackageProductDependency section */
	};
	rootObject = FABDEE304CAF3C0769F107BB /* Project object */;
}
